// !$*UTF8*$!
{
	archiveVersion = 1;
	classes = {
	};
	objectVersion = 56;
	objects = {

/* Begin PBXBuildFile section */
		F715E7B12A9911E400452CF2 /* AudioRecognizable.swift in Sources */ = {isa = PBXBuildFile; fileRef = F715E7B02A9911E400452CF2 /* AudioRecognizable.swift */; };
		F715E7B32A99132E00452CF2 /* SFSpeechRecognizer+Ext.swift in Sources */ = {isa = PBXBuildFile; fileRef = F715E7B22A99132E00452CF2 /* SFSpeechRecognizer+Ext.swift */; };
		F715E7B52A99134500452CF2 /* AVAudioSession+Ext.swift in Sources */ = {isa = PBXBuildFile; fileRef = F715E7B42A99134500452CF2 /* AVAudioSession+Ext.swift */; };
		F7895E952A97C96800E8B286 /* duckApp.swift in Sources */ = {isa = PBXBuildFile; fileRef = F7895E942A97C96800E8B286 /* duckApp.swift */; };
		F7895E972A97C96800E8B286 /* ContentView.swift in Sources */ = {isa = PBXBuildFile; fileRef = F7895E962A97C96800E8B286 /* ContentView.swift */; };
		F7895E992A97C96900E8B286 /* Assets.xcassets in Resources */ = {isa = PBXBuildFile; fileRef = F7895E982A97C96900E8B286 /* Assets.xcassets */; };
		F7895E9C2A97C96900E8B286 /* Preview Assets.xcassets in Resources */ = {isa = PBXBuildFile; fileRef = F7895E9B2A97C96900E8B286 /* Preview Assets.xcassets */; };
		F7895EA72A97CAF900E8B286 /* OnboardingView.swift in Sources */ = {isa = PBXBuildFile; fileRef = F7895EA62A97CAF900E8B286 /* OnboardingView.swift */; };
		F7895EAA2A97CB8300E8B286 /* HapticService.swift in Sources */ = {isa = PBXBuildFile; fileRef = F7895EA92A97CB8300E8B286 /* HapticService.swift */; };
		F7895EAD2A97CBCD00E8B286 /* Array+Ext.swift in Sources */ = {isa = PBXBuildFile; fileRef = F7895EAC2A97CBCD00E8B286 /* Array+Ext.swift */; };
		F7895EAF2A97CBED00E8B286 /* Color+Ext.swift in Sources */ = {isa = PBXBuildFile; fileRef = F7895EAE2A97CBED00E8B286 /* Color+Ext.swift */; };
		F7895EB12A97CD4200E8B286 /* RouterService.swift in Sources */ = {isa = PBXBuildFile; fileRef = F7895EB02A97CD4200E8B286 /* RouterService.swift */; };
		F7895EB32A97CED300E8B286 /* View+Ext.swift in Sources */ = {isa = PBXBuildFile; fileRef = F7895EB22A97CED300E8B286 /* View+Ext.swift */; };
		F7895EB52A97CF9400E8B286 /* HomeView.swift in Sources */ = {isa = PBXBuildFile; fileRef = F7895EB42A97CF9400E8B286 /* HomeView.swift */; };
		F7895EB72A97D11E00E8B286 /* StorageService.swift in Sources */ = {isa = PBXBuildFile; fileRef = F7895EB62A97D11E00E8B286 /* StorageService.swift */; };
		F7895EB92A97D2D000E8B286 /* WhisperService.swift in Sources */ = {isa = PBXBuildFile; fileRef = F7895EB82A97D2D000E8B286 /* WhisperService.swift */; };
		F7895EBE2A97D70100E8B286 /* SpeechRegonizerService.swift in Sources */ = {isa = PBXBuildFile; fileRef = F7895EBD2A97D70100E8B286 /* SpeechRegonizerService.swift */; };
/* End PBXBuildFile section */

/* Begin PBXFileReference section */
		F715E7B02A9911E400452CF2 /* AudioRecognizable.swift */ = {isa = PBXFileReference; lastKnownFileType = sourcecode.swift; path = AudioRecognizable.swift; sourceTree = "<group>"; };
		F715E7B22A99132E00452CF2 /* SFSpeechRecognizer+Ext.swift */ = {isa = PBXFileReference; lastKnownFileType = sourcecode.swift; path = "SFSpeechRecognizer+Ext.swift"; sourceTree = "<group>"; };
		F715E7B42A99134500452CF2 /* AVAudioSession+Ext.swift */ = {isa = PBXFileReference; lastKnownFileType = sourcecode.swift; path = "AVAudioSession+Ext.swift"; sourceTree = "<group>"; };
		F7895E912A97C96800E8B286 /* duck.app */ = {isa = PBXFileReference; explicitFileType = wrapper.application; includeInIndex = 0; path = duck.app; sourceTree = BUILT_PRODUCTS_DIR; };
		F7895E942A97C96800E8B286 /* duckApp.swift */ = {isa = PBXFileReference; lastKnownFileType = sourcecode.swift; path = duckApp.swift; sourceTree = "<group>"; };
		F7895E962A97C96800E8B286 /* ContentView.swift */ = {isa = PBXFileReference; lastKnownFileType = sourcecode.swift; path = ContentView.swift; sourceTree = "<group>"; };
		F7895E982A97C96900E8B286 /* Assets.xcassets */ = {isa = PBXFileReference; lastKnownFileType = folder.assetcatalog; path = Assets.xcassets; sourceTree = "<group>"; };
		F7895E9B2A97C96900E8B286 /* Preview Assets.xcassets */ = {isa = PBXFileReference; lastKnownFileType = folder.assetcatalog; path = "Preview Assets.xcassets"; sourceTree = "<group>"; };
		F7895EA62A97CAF900E8B286 /* OnboardingView.swift */ = {isa = PBXFileReference; lastKnownFileType = sourcecode.swift; path = OnboardingView.swift; sourceTree = "<group>"; };
		F7895EA92A97CB8300E8B286 /* HapticService.swift */ = {isa = PBXFileReference; lastKnownFileType = sourcecode.swift; path = HapticService.swift; sourceTree = "<group>"; };
		F7895EAC2A97CBCD00E8B286 /* Array+Ext.swift */ = {isa = PBXFileReference; lastKnownFileType = sourcecode.swift; path = "Array+Ext.swift"; sourceTree = "<group>"; };
		F7895EAE2A97CBED00E8B286 /* Color+Ext.swift */ = {isa = PBXFileReference; lastKnownFileType = sourcecode.swift; path = "Color+Ext.swift"; sourceTree = "<group>"; };
		F7895EB02A97CD4200E8B286 /* RouterService.swift */ = {isa = PBXFileReference; lastKnownFileType = sourcecode.swift; path = RouterService.swift; sourceTree = "<group>"; };
		F7895EB22A97CED300E8B286 /* View+Ext.swift */ = {isa = PBXFileReference; lastKnownFileType = sourcecode.swift; path = "View+Ext.swift"; sourceTree = "<group>"; };
		F7895EB42A97CF9400E8B286 /* HomeView.swift */ = {isa = PBXFileReference; lastKnownFileType = sourcecode.swift; path = HomeView.swift; sourceTree = "<group>"; };
		F7895EB62A97D11E00E8B286 /* StorageService.swift */ = {isa = PBXFileReference; lastKnownFileType = sourcecode.swift; path = StorageService.swift; sourceTree = "<group>"; };
		F7895EB82A97D2D000E8B286 /* WhisperService.swift */ = {isa = PBXFileReference; lastKnownFileType = sourcecode.swift; path = WhisperService.swift; sourceTree = "<group>"; };
		F7895EBD2A97D70100E8B286 /* SpeechRegonizerService.swift */ = {isa = PBXFileReference; lastKnownFileType = sourcecode.swift; path = SpeechRegonizerService.swift; sourceTree = "<group>"; };
/* End PBXFileReference section */

/* Begin PBXFrameworksBuildPhase section */
		F7895E8E2A97C96800E8B286 /* Frameworks */ = {
			isa = PBXFrameworksBuildPhase;
			buildActionMask = 2147483647;
			files = (
			);
			runOnlyForDeploymentPostprocessing = 0;
		};
/* End PBXFrameworksBuildPhase section */

/* Begin PBXGroup section */
		F715E7AF2A9911D300452CF2 /* Protocols */ = {
			isa = PBXGroup;
			children = (
				F715E7B02A9911E400452CF2 /* AudioRecognizable.swift */,
			);
			path = Protocols;
			sourceTree = "<group>";
		};
		F7895E882A97C96800E8B286 = {
			isa = PBXGroup;
			children = (
				F7895E932A97C96800E8B286 /* duck */,
				F7895E922A97C96800E8B286 /* Products */,
			);
			sourceTree = "<group>";
		};
		F7895E922A97C96800E8B286 /* Products */ = {
			isa = PBXGroup;
			children = (
				F7895E912A97C96800E8B286 /* duck.app */,
			);
			name = Products;
			sourceTree = "<group>";
		};
		F7895E932A97C96800E8B286 /* duck */ = {
			isa = PBXGroup;
			children = (
				F715E7AF2A9911D300452CF2 /* Protocols */,
				F7895EA82A97CB4400E8B286 /* Utils */,
				F7895EA52A97CAD900E8B286 /* Components */,
				F7895EA42A97CAD000E8B286 /* Services */,
				F7895EA32A97CAB900E8B286 /* Controllers */,
				F7895EA22A97CAAD00E8B286 /* Views */,
				F7895E942A97C96800E8B286 /* duckApp.swift */,
				F7895E982A97C96900E8B286 /* Assets.xcassets */,
				F7895E9A2A97C96900E8B286 /* Preview Content */,
			);
			path = duck;
			sourceTree = "<group>";
		};
		F7895E9A2A97C96900E8B286 /* Preview Content */ = {
			isa = PBXGroup;
			children = (
				F7895E9B2A97C96900E8B286 /* Preview Assets.xcassets */,
			);
			path = "Preview Content";
			sourceTree = "<group>";
		};
		F7895EA22A97CAAD00E8B286 /* Views */ = {
			isa = PBXGroup;
			children = (
				F7895E962A97C96800E8B286 /* ContentView.swift */,
				F7895EA62A97CAF900E8B286 /* OnboardingView.swift */,
				F7895EB42A97CF9400E8B286 /* HomeView.swift */,
			);
			path = Views;
			sourceTree = "<group>";
		};
		F7895EA32A97CAB900E8B286 /* Controllers */ = {
			isa = PBXGroup;
			children = (
			);
			path = Controllers;
			sourceTree = "<group>";
		};
		F7895EA42A97CAD000E8B286 /* Services */ = {
			isa = PBXGroup;
			children = (
				F7895EA92A97CB8300E8B286 /* HapticService.swift */,
				F7895EB02A97CD4200E8B286 /* RouterService.swift */,
				F7895EB62A97D11E00E8B286 /* StorageService.swift */,
				F7895EB82A97D2D000E8B286 /* WhisperService.swift */,
				F7895EBD2A97D70100E8B286 /* SpeechRegonizerService.swift */,
			);
			path = Services;
			sourceTree = "<group>";
		};
		F7895EA52A97CAD900E8B286 /* Components */ = {
			isa = PBXGroup;
			children = (
			);
			path = Components;
			sourceTree = "<group>";
		};
		F7895EA82A97CB4400E8B286 /* Utils */ = {
			isa = PBXGroup;
			children = (
				F7895EAB2A97CBBD00E8B286 /* Extensions */,
			);
			path = Utils;
			sourceTree = "<group>";
		};
		F7895EAB2A97CBBD00E8B286 /* Extensions */ = {
			isa = PBXGroup;
			children = (
				F7895EAC2A97CBCD00E8B286 /* Array+Ext.swift */,
				F7895EAE2A97CBED00E8B286 /* Color+Ext.swift */,
				F7895EB22A97CED300E8B286 /* View+Ext.swift */,
				F715E7B22A99132E00452CF2 /* SFSpeechRecognizer+Ext.swift */,
				F715E7B42A99134500452CF2 /* AVAudioSession+Ext.swift */,
			);
			path = Extensions;
			sourceTree = "<group>";
		};
/* End PBXGroup section */

/* Begin PBXNativeTarget section */
		F7895E902A97C96800E8B286 /* duck */ = {
			isa = PBXNativeTarget;
			buildConfigurationList = F7895E9F2A97C96900E8B286 /* Build configuration list for PBXNativeTarget "duck" */;
			buildPhases = (
				F7895E8D2A97C96800E8B286 /* Sources */,
				F7895E8E2A97C96800E8B286 /* Frameworks */,
				F7895E8F2A97C96800E8B286 /* Resources */,
			);
			buildRules = (
			);
			dependencies = (
			);
			name = duck;
			packageProductDependencies = (
			);
			productName = duck;
			productReference = F7895E912A97C96800E8B286 /* duck.app */;
			productType = "com.apple.product-type.application";
		};
/* End PBXNativeTarget section */

/* Begin PBXProject section */
		F7895E892A97C96800E8B286 /* Project object */ = {
			isa = PBXProject;
			attributes = {
				BuildIndependentTargetsInParallel = 1;
				LastSwiftUpdateCheck = 1430;
				LastUpgradeCheck = 1430;
				TargetAttributes = {
					F7895E902A97C96800E8B286 = {
						CreatedOnToolsVersion = 14.3.1;
					};
				};
			};
			buildConfigurationList = F7895E8C2A97C96800E8B286 /* Build configuration list for PBXProject "duck" */;
			compatibilityVersion = "Xcode 14.0";
			developmentRegion = en;
			hasScannedForEncodings = 0;
			knownRegions = (
				en,
				Base,
			);
			mainGroup = F7895E882A97C96800E8B286;
			packageReferences = (
			);
			productRefGroup = F7895E922A97C96800E8B286 /* Products */;
			projectDirPath = "";
			projectRoot = "";
			targets = (
				F7895E902A97C96800E8B286 /* duck */,
			);
		};
/* End PBXProject section */

/* Begin PBXResourcesBuildPhase section */
		F7895E8F2A97C96800E8B286 /* Resources */ = {
			isa = PBXResourcesBuildPhase;
			buildActionMask = 2147483647;
			files = (
				F7895E9C2A97C96900E8B286 /* Preview Assets.xcassets in Resources */,
				F7895E992A97C96900E8B286 /* Assets.xcassets in Resources */,
			);
			runOnlyForDeploymentPostprocessing = 0;
		};
/* End PBXResourcesBuildPhase section */

/* Begin PBXSourcesBuildPhase section */
		F7895E8D2A97C96800E8B286 /* Sources */ = {
			isa = PBXSourcesBuildPhase;
			buildActionMask = 2147483647;
			files = (
				F7895EB52A97CF9400E8B286 /* HomeView.swift in Sources */,
				F7895EB32A97CED300E8B286 /* View+Ext.swift in Sources */,
				F715E7B32A99132E00452CF2 /* SFSpeechRecognizer+Ext.swift in Sources */,
				F7895EB92A97D2D000E8B286 /* WhisperService.swift in Sources */,
				F7895EB12A97CD4200E8B286 /* RouterService.swift in Sources */,
				F7895EAA2A97CB8300E8B286 /* HapticService.swift in Sources */,
				F7895EA72A97CAF900E8B286 /* OnboardingView.swift in Sources */,
				F7895EB72A97D11E00E8B286 /* StorageService.swift in Sources */,
				F715E7B12A9911E400452CF2 /* AudioRecognizable.swift in Sources */,
				F7895EAD2A97CBCD00E8B286 /* Array+Ext.swift in Sources */,
				F7895E972A97C96800E8B286 /* ContentView.swift in Sources */,
				F7895EBE2A97D70100E8B286 /* SpeechRegonizerService.swift in Sources */,
				F715E7B52A99134500452CF2 /* AVAudioSession+Ext.swift in Sources */,
				F7895E952A97C96800E8B286 /* duckApp.swift in Sources */,
				F7895EAF2A97CBED00E8B286 /* Color+Ext.swift in Sources */,
			);
			runOnlyForDeploymentPostprocessing = 0;
		};
/* End PBXSourcesBuildPhase section */

/* Begin XCBuildConfiguration section */
		F7895E9D2A97C96900E8B286 /* Debug */ = {
			isa = XCBuildConfiguration;
			buildSettings = {
				ALWAYS_SEARCH_USER_PATHS = NO;
				CLANG_ANALYZER_NONNULL = YES;
				CLANG_ANALYZER_NUMBER_OBJECT_CONVERSION = YES_AGGRESSIVE;
				CLANG_CXX_LANGUAGE_STANDARD = "gnu++20";
				CLANG_ENABLE_MODULES = YES;
				CLANG_ENABLE_OBJC_ARC = YES;
				CLANG_ENABLE_OBJC_WEAK = YES;
				CLANG_WARN_BLOCK_CAPTURE_AUTORELEASING = YES;
				CLANG_WARN_BOOL_CONVERSION = YES;
				CLANG_WARN_COMMA = YES;
				CLANG_WARN_CONSTANT_CONVERSION = YES;
				CLANG_WARN_DEPRECATED_OBJC_IMPLEMENTATIONS = YES;
				CLANG_WARN_DIRECT_OBJC_ISA_USAGE = YES_ERROR;
				CLANG_WARN_DOCUMENTATION_COMMENTS = YES;
				CLANG_WARN_EMPTY_BODY = YES;
				CLANG_WARN_ENUM_CONVERSION = YES;
				CLANG_WARN_INFINITE_RECURSION = YES;
				CLANG_WARN_INT_CONVERSION = YES;
				CLANG_WARN_NON_LITERAL_NULL_CONVERSION = YES;
				CLANG_WARN_OBJC_IMPLICIT_RETAIN_SELF = YES;
				CLANG_WARN_OBJC_LITERAL_CONVERSION = YES;
				CLANG_WARN_OBJC_ROOT_CLASS = YES_ERROR;
				CLANG_WARN_QUOTED_INCLUDE_IN_FRAMEWORK_HEADER = YES;
				CLANG_WARN_RANGE_LOOP_ANALYSIS = YES;
				CLANG_WARN_STRICT_PROTOTYPES = YES;
				CLANG_WARN_SUSPICIOUS_MOVE = YES;
				CLANG_WARN_UNGUARDED_AVAILABILITY = YES_AGGRESSIVE;
				CLANG_WARN_UNREACHABLE_CODE = YES;
				CLANG_WARN__DUPLICATE_METHOD_MATCH = YES;
				COPY_PHASE_STRIP = NO;
				DEBUG_INFORMATION_FORMAT = dwarf;
				ENABLE_STRICT_OBJC_MSGSEND = YES;
				ENABLE_TESTABILITY = YES;
				GCC_C_LANGUAGE_STANDARD = gnu11;
				GCC_DYNAMIC_NO_PIC = NO;
				GCC_NO_COMMON_BLOCKS = YES;
				GCC_OPTIMIZATION_LEVEL = 0;
				GCC_PREPROCESSOR_DEFINITIONS = (
					"DEBUG=1",
					"$(inherited)",
				);
				GCC_WARN_64_TO_32_BIT_CONVERSION = YES;
				GCC_WARN_ABOUT_RETURN_TYPE = YES_ERROR;
				GCC_WARN_UNDECLARED_SELECTOR = YES;
				GCC_WARN_UNINITIALIZED_AUTOS = YES_AGGRESSIVE;
				GCC_WARN_UNUSED_FUNCTION = YES;
				GCC_WARN_UNUSED_VARIABLE = YES;
				IPHONEOS_DEPLOYMENT_TARGET = 16.4;
				MTL_ENABLE_DEBUG_INFO = INCLUDE_SOURCE;
				MTL_FAST_MATH = YES;
				ONLY_ACTIVE_ARCH = YES;
				SDKROOT = iphoneos;
				SWIFT_ACTIVE_COMPILATION_CONDITIONS = DEBUG;
				SWIFT_OPTIMIZATION_LEVEL = "-Onone";
			};
			name = Debug;
		};
		F7895E9E2A97C96900E8B286 /* Release */ = {
			isa = XCBuildConfiguration;
			buildSettings = {
				ALWAYS_SEARCH_USER_PATHS = NO;
				CLANG_ANALYZER_NONNULL = YES;
				CLANG_ANALYZER_NUMBER_OBJECT_CONVERSION = YES_AGGRESSIVE;
				CLANG_CXX_LANGUAGE_STANDARD = "gnu++20";
				CLANG_ENABLE_MODULES = YES;
				CLANG_ENABLE_OBJC_ARC = YES;
				CLANG_ENABLE_OBJC_WEAK = YES;
				CLANG_WARN_BLOCK_CAPTURE_AUTORELEASING = YES;
				CLANG_WARN_BOOL_CONVERSION = YES;
				CLANG_WARN_COMMA = YES;
				CLANG_WARN_CONSTANT_CONVERSION = YES;
				CLANG_WARN_DEPRECATED_OBJC_IMPLEMENTATIONS = YES;
				CLANG_WARN_DIRECT_OBJC_ISA_USAGE = YES_ERROR;
				CLANG_WARN_DOCUMENTATION_COMMENTS = YES;
				CLANG_WARN_EMPTY_BODY = YES;
				CLANG_WARN_ENUM_CONVERSION = YES;
				CLANG_WARN_INFINITE_RECURSION = YES;
				CLANG_WARN_INT_CONVERSION = YES;
				CLANG_WARN_NON_LITERAL_NULL_CONVERSION = YES;
				CLANG_WARN_OBJC_IMPLICIT_RETAIN_SELF = YES;
				CLANG_WARN_OBJC_LITERAL_CONVERSION = YES;
				CLANG_WARN_OBJC_ROOT_CLASS = YES_ERROR;
				CLANG_WARN_QUOTED_INCLUDE_IN_FRAMEWORK_HEADER = YES;
				CLANG_WARN_RANGE_LOOP_ANALYSIS = YES;
				CLANG_WARN_STRICT_PROTOTYPES = YES;
				CLANG_WARN_SUSPICIOUS_MOVE = YES;
				CLANG_WARN_UNGUARDED_AVAILABILITY = YES_AGGRESSIVE;
				CLANG_WARN_UNREACHABLE_CODE = YES;
				CLANG_WARN__DUPLICATE_METHOD_MATCH = YES;
				COPY_PHASE_STRIP = NO;
				DEBUG_INFORMATION_FORMAT = "dwarf-with-dsym";
				ENABLE_NS_ASSERTIONS = NO;
				ENABLE_STRICT_OBJC_MSGSEND = YES;
				GCC_C_LANGUAGE_STANDARD = gnu11;
				GCC_NO_COMMON_BLOCKS = YES;
				GCC_WARN_64_TO_32_BIT_CONVERSION = YES;
				GCC_WARN_ABOUT_RETURN_TYPE = YES_ERROR;
				GCC_WARN_UNDECLARED_SELECTOR = YES;
				GCC_WARN_UNINITIALIZED_AUTOS = YES_AGGRESSIVE;
				GCC_WARN_UNUSED_FUNCTION = YES;
				GCC_WARN_UNUSED_VARIABLE = YES;
				IPHONEOS_DEPLOYMENT_TARGET = 16.4;
				MTL_ENABLE_DEBUG_INFO = NO;
				MTL_FAST_MATH = YES;
				SDKROOT = iphoneos;
				SWIFT_COMPILATION_MODE = wholemodule;
				SWIFT_OPTIMIZATION_LEVEL = "-O";
				VALIDATE_PRODUCT = YES;
			};
			name = Release;
		};
		F7895EA02A97C96900E8B286 /* Debug */ = {
			isa = XCBuildConfiguration;
			buildSettings = {
				ASSETCATALOG_COMPILER_APPICON_NAME = AppIcon;
				ASSETCATALOG_COMPILER_GLOBAL_ACCENT_COLOR_NAME = AccentColor;
				CODE_SIGN_STYLE = Automatic;
				CURRENT_PROJECT_VERSION = 1;
				DEVELOPMENT_ASSET_PATHS = "\"duck/Preview Content\"";
				DEVELOPMENT_TEAM = R9V648Y475;
				ENABLE_PREVIEWS = YES;
				GENERATE_INFOPLIST_FILE = YES;
				INFOPLIST_KEY_NSMicrophoneUsageDescription = "We need access to the microphone to capture audio.";
				INFOPLIST_KEY_NSSpeechRecognitionUsageDescription = "We need access to speech recognition to transcribe your voice into text.";
				INFOPLIST_KEY_UIApplicationSceneManifest_Generation = YES;
				INFOPLIST_KEY_UIApplicationSupportsIndirectInputEvents = YES;
				INFOPLIST_KEY_UILaunchScreen_Generation = YES;
				INFOPLIST_KEY_UISupportedInterfaceOrientations_iPad = "UIInterfaceOrientationPortrait UIInterfaceOrientationPortraitUpsideDown UIInterfaceOrientationLandscapeLeft UIInterfaceOrientationLandscapeRight";
				INFOPLIST_KEY_UISupportedInterfaceOrientations_iPhone = "UIInterfaceOrientationPortrait UIInterfaceOrientationLandscapeLeft UIInterfaceOrientationLandscapeRight";
				LD_RUNPATH_SEARCH_PATHS = (
					"$(inherited)",
					"@executable_path/Frameworks",
				);
				MARKETING_VERSION = 1.0;
				PRODUCT_BUNDLE_IDENTIFIER = com.berkspar.duck;
				PRODUCT_NAME = "$(TARGET_NAME)";
				SWIFT_EMIT_LOC_STRINGS = YES;
				SWIFT_VERSION = 5.0;
				TARGETED_DEVICE_FAMILY = "1,2";
			};
			name = Debug;
		};
		F7895EA12A97C96900E8B286 /* Release */ = {
			isa = XCBuildConfiguration;
			buildSettings = {
				ASSETCATALOG_COMPILER_APPICON_NAME = AppIcon;
				ASSETCATALOG_COMPILER_GLOBAL_ACCENT_COLOR_NAME = AccentColor;
				CODE_SIGN_STYLE = Automatic;
				CURRENT_PROJECT_VERSION = 1;
				DEVELOPMENT_ASSET_PATHS = "\"duck/Preview Content\"";
				DEVELOPMENT_TEAM = R9V648Y475;
				ENABLE_PREVIEWS = YES;
				GENERATE_INFOPLIST_FILE = YES;
				INFOPLIST_KEY_NSMicrophoneUsageDescription = "We need access to the microphone to capture audio.";
				INFOPLIST_KEY_NSSpeechRecognitionUsageDescription = "We need access to speech recognition to transcribe your voice into text.";
				INFOPLIST_KEY_UIApplicationSceneManifest_Generation = YES;
				INFOPLIST_KEY_UIApplicationSupportsIndirectInputEvents = YES;
				INFOPLIST_KEY_UILaunchScreen_Generation = YES;
				INFOPLIST_KEY_UISupportedInterfaceOrientations_iPad = "UIInterfaceOrientationPortrait UIInterfaceOrientationPortraitUpsideDown UIInterfaceOrientationLandscapeLeft UIInterfaceOrientationLandscapeRight";
				INFOPLIST_KEY_UISupportedInterfaceOrientations_iPhone = "UIInterfaceOrientationPortrait UIInterfaceOrientationLandscapeLeft UIInterfaceOrientationLandscapeRight";
				LD_RUNPATH_SEARCH_PATHS = (
					"$(inherited)",
					"@executable_path/Frameworks",
				);
				MARKETING_VERSION = 1.0;
				PRODUCT_BUNDLE_IDENTIFIER = com.berkspar.duck;
				PRODUCT_NAME = "$(TARGET_NAME)";
				SWIFT_EMIT_LOC_STRINGS = YES;
				SWIFT_VERSION = 5.0;
				TARGETED_DEVICE_FAMILY = "1,2";
			};
			name = Release;
		};
/* End XCBuildConfiguration section */

/* Begin XCConfigurationList section */
		F7895E8C2A97C96800E8B286 /* Build configuration list for PBXProject "duck" */ = {
			isa = XCConfigurationList;
			buildConfigurations = (
				F7895E9D2A97C96900E8B286 /* Debug */,
				F7895E9E2A97C96900E8B286 /* Release */,
			);
			defaultConfigurationIsVisible = 0;
			defaultConfigurationName = Release;
		};
		F7895E9F2A97C96900E8B286 /* Build configuration list for PBXNativeTarget "duck" */ = {
			isa = XCConfigurationList;
			buildConfigurations = (
				F7895EA02A97C96900E8B286 /* Debug */,
				F7895EA12A97C96900E8B286 /* Release */,
			);
			defaultConfigurationIsVisible = 0;
			defaultConfigurationName = Release;
		};
/* End XCConfigurationList section */
	};
	rootObject = F7895E892A97C96800E8B286 /* Project object */;
}
