// !$*UTF8*$!
{
	archiveVersion = 1;
	classes = {
	};
	objectVersion = 56;
	objects = {

/* Begin PBXBuildFile section */
		8C313EA12AB314AF00EC825B /* WelcomeView.swift in Sources */ = {isa = PBXBuildFile; fileRef = 8C313EA02AB314AF00EC825B /* WelcomeView.swift */; };
		8C313EA32AB31D6A00EC825B /* ThemeSelectionView.swift in Sources */ = {isa = PBXBuildFile; fileRef = 8C313EA22AB31D6A00EC825B /* ThemeSelectionView.swift */; };
		8C313EA62AB31DFC00EC825B /* SpeechBallon.swift in Sources */ = {isa = PBXBuildFile; fileRef = 8C313EA52AB31DFC00EC825B /* SpeechBallon.swift */; };
		8C313EA82AB329E900EC825B /* PageCount.swift in Sources */ = {isa = PBXBuildFile; fileRef = 8C313EA72AB329E900EC825B /* PageCount.swift */; };
		8C313EAA2AB32C5100EC825B /* WordsSelection.swift in Sources */ = {isa = PBXBuildFile; fileRef = 8C313EA92AB32C5100EC825B /* WordsSelection.swift */; };
		8C313EAC2AB3339500EC825B /* TipsView.swift in Sources */ = {isa = PBXBuildFile; fileRef = 8C313EAB2AB3339500EC825B /* TipsView.swift */; };
		8C313EAE2AB36ED700EC825B /* Popup.swift in Sources */ = {isa = PBXBuildFile; fileRef = 8C313EAD2AB36ED700EC825B /* Popup.swift */; };
		8C313EB12AB3D49000EC825B /* Timer.swift in Sources */ = {isa = PBXBuildFile; fileRef = 8C313EB02AB3D49000EC825B /* Timer.swift */; };
		8C80DE2E2AB24B4D00304A83 /* TutorialView.swift in Sources */ = {isa = PBXBuildFile; fileRef = 8C80DE2D2AB24B4D00304A83 /* TutorialView.swift */; };
		8CA51D4F2A9D27DB007061B2 /* WordsView.swift in Sources */ = {isa = PBXBuildFile; fileRef = 8CA51D4E2A9D27DB007061B2 /* WordsView.swift */; };
		8CA51D512A9D2A20007061B2 /* GameView.swift in Sources */ = {isa = PBXBuildFile; fileRef = 8CA51D502A9D2A20007061B2 /* GameView.swift */; };
		8CA51D532A9D2C17007061B2 /* DoneView.swift in Sources */ = {isa = PBXBuildFile; fileRef = 8CA51D522A9D2C17007061B2 /* DoneView.swift */; };
		8CA51D5C2AA12F35007061B2 /* Header.swift in Sources */ = {isa = PBXBuildFile; fileRef = 8CA51D5B2AA12F35007061B2 /* Header.swift */; };
		8CA51D5E2AA12FEE007061B2 /* Tab.swift in Sources */ = {isa = PBXBuildFile; fileRef = 8CA51D5D2AA12FEE007061B2 /* Tab.swift */; };
		8CA51D602AA13EC6007061B2 /* StoryView.swift in Sources */ = {isa = PBXBuildFile; fileRef = 8CA51D5F2AA13EC6007061B2 /* StoryView.swift */; };
		8CA51D632AA13EE9007061B2 /* StorybookView.swift in Sources */ = {isa = PBXBuildFile; fileRef = 8CA51D622AA13EE9007061B2 /* StorybookView.swift */; };
		8CA51D652AA257B2007061B2 /* TabLabel.swift in Sources */ = {isa = PBXBuildFile; fileRef = 8CA51D642AA257B2007061B2 /* TabLabel.swift */; };
		8CA51D672AA6C760007061B2 /* Authorization.swift in Sources */ = {isa = PBXBuildFile; fileRef = 8CA51D662AA6C760007061B2 /* Authorization.swift */; };
		F715B4B72AA6CFAA0066548A /* GameController.swift in Sources */ = {isa = PBXBuildFile; fileRef = F715B4B62AA6CFAA0066548A /* GameController.swift */; };
		F715E7B32A99132E00452CF2 /* SFSpeechRecognizer+Ext.swift in Sources */ = {isa = PBXBuildFile; fileRef = F715E7B22A99132E00452CF2 /* SFSpeechRecognizer+Ext.swift */; };
		F715E7B52A99134500452CF2 /* AVAudioSession+Ext.swift in Sources */ = {isa = PBXBuildFile; fileRef = F715E7B42A99134500452CF2 /* AVAudioSession+Ext.swift */; };
		F75343D72AA173F10006E2F6 /* ElevatedTextCard.swift in Sources */ = {isa = PBXBuildFile; fileRef = F75343D62AA173F10006E2F6 /* ElevatedTextCard.swift */; };
		F75343D92AA178280006E2F6 /* RangeTile.swift in Sources */ = {isa = PBXBuildFile; fileRef = F75343D82AA178280006E2F6 /* RangeTile.swift */; };
		F75343DB2AA17C8A0006E2F6 /* IconCard.swift in Sources */ = {isa = PBXBuildFile; fileRef = F75343DA2AA17C8A0006E2F6 /* IconCard.swift */; };
		F75343DD2AA182F90006E2F6 /* ElevatedButton.swift in Sources */ = {isa = PBXBuildFile; fileRef = F75343DC2AA182F90006E2F6 /* ElevatedButton.swift */; };
		F7676D072AA90A1B00502627 /* ProgressBar.swift in Sources */ = {isa = PBXBuildFile; fileRef = F7676D062AA90A1B00502627 /* ProgressBar.swift */; };
		F7676D0B2AAF293C00502627 /* StoryModel.swift in Sources */ = {isa = PBXBuildFile; fileRef = F7676D0A2AAF293C00502627 /* StoryModel.swift */; };
		F7676D0D2AAF297C00502627 /* Story.swift in Sources */ = {isa = PBXBuildFile; fileRef = F7676D0C2AAF297C00502627 /* Story.swift */; };
		F7895E952A97C96800E8B286 /* tellyApp.swift in Sources */ = {isa = PBXBuildFile; fileRef = F7895E942A97C96800E8B286 /* tellyApp.swift */; };
		F7895E972A97C96800E8B286 /* ContentView.swift in Sources */ = {isa = PBXBuildFile; fileRef = F7895E962A97C96800E8B286 /* ContentView.swift */; };
		F7895E992A97C96900E8B286 /* Assets.xcassets in Resources */ = {isa = PBXBuildFile; fileRef = F7895E982A97C96900E8B286 /* Assets.xcassets */; };
		F7895E9C2A97C96900E8B286 /* Preview Assets.xcassets in Resources */ = {isa = PBXBuildFile; fileRef = F7895E9B2A97C96900E8B286 /* Preview Assets.xcassets */; };
		F7895EA72A97CAF900E8B286 /* OnboardingView.swift in Sources */ = {isa = PBXBuildFile; fileRef = F7895EA62A97CAF900E8B286 /* OnboardingView.swift */; };
		F7895EAA2A97CB8300E8B286 /* HapticService.swift in Sources */ = {isa = PBXBuildFile; fileRef = F7895EA92A97CB8300E8B286 /* HapticService.swift */; };
		F7895EAD2A97CBCD00E8B286 /* Array+Ext.swift in Sources */ = {isa = PBXBuildFile; fileRef = F7895EAC2A97CBCD00E8B286 /* Array+Ext.swift */; };
		F7895EAF2A97CBED00E8B286 /* Color+Ext.swift in Sources */ = {isa = PBXBuildFile; fileRef = F7895EAE2A97CBED00E8B286 /* Color+Ext.swift */; };
		F7895EB12A97CD4200E8B286 /* RouterService.swift in Sources */ = {isa = PBXBuildFile; fileRef = F7895EB02A97CD4200E8B286 /* RouterService.swift */; };
		F7895EB32A97CED300E8B286 /* View+Ext.swift in Sources */ = {isa = PBXBuildFile; fileRef = F7895EB22A97CED300E8B286 /* View+Ext.swift */; };
		F7895EB52A97CF9400E8B286 /* HomeView.swift in Sources */ = {isa = PBXBuildFile; fileRef = F7895EB42A97CF9400E8B286 /* HomeView.swift */; };
		F7895EB72A97D11E00E8B286 /* StorageService.swift in Sources */ = {isa = PBXBuildFile; fileRef = F7895EB62A97D11E00E8B286 /* StorageService.swift */; };
		F7895EBE2A97D70100E8B286 /* SpeechRegonizerService.swift in Sources */ = {isa = PBXBuildFile; fileRef = F7895EBD2A97D70100E8B286 /* SpeechRegonizerService.swift */; };
		F795FB0B2A9E6932009C6DEF /* Duration.swift in Sources */ = {isa = PBXBuildFile; fileRef = F795FB0A2A9E6932009C6DEF /* Duration.swift */; };
		F795FB0D2A9E6EBD009C6DEF /* AuthorizationView.swift in Sources */ = {isa = PBXBuildFile; fileRef = F795FB0C2A9E6EBD009C6DEF /* AuthorizationView.swift */; };
		F7C4F9102A9B110500691AC2 /* GameService.swift in Sources */ = {isa = PBXBuildFile; fileRef = F7C4F90F2A9B110500691AC2 /* GameService.swift */; };
		F7C7D46D2AB0069100EC8256 /* AudioService.swift in Sources */ = {isa = PBXBuildFile; fileRef = F7C7D46C2AB0069100EC8256 /* AudioService.swift */; };
		F7C7D46F2AB1232C00EC8256 /* StorySheetView.swift in Sources */ = {isa = PBXBuildFile; fileRef = F7C7D46E2AB1232C00EC8256 /* StorySheetView.swift */; };
		F7C7D4712AB250D100EC8256 /* AnimatedIcon.swift in Sources */ = {isa = PBXBuildFile; fileRef = F7C7D4702AB250D100EC8256 /* AnimatedIcon.swift */; };
		F7C7D4742AB2ABDA00EC8256 /* Localizable.strings in Resources */ = {isa = PBXBuildFile; fileRef = F7C7D4762AB2ABDA00EC8256 /* Localizable.strings */; };
		F7C7D47A2AB2C64600EC8256 /* SynthesisService.swift in Sources */ = {isa = PBXBuildFile; fileRef = F7C7D4792AB2C64600EC8256 /* SynthesisService.swift */; };
		F7CBC9302A9FCCA700073AA3 /* Datasource.swift in Sources */ = {isa = PBXBuildFile; fileRef = F7CBC92F2A9FCCA700073AA3 /* Datasource.swift */; };
		F7CBC9322A9FCCC300073AA3 /* ElementManager.swift in Sources */ = {isa = PBXBuildFile; fileRef = F7CBC9312A9FCCC300073AA3 /* ElementManager.swift */; };
		F7CBC9342A9FCECD00073AA3 /* ElementModel.swift in Sources */ = {isa = PBXBuildFile; fileRef = F7CBC9332A9FCECD00073AA3 /* ElementModel.swift */; };
		F7CBC93A2AA10D7C00073AA3 /* Font+Ext.swift in Sources */ = {isa = PBXBuildFile; fileRef = F7CBC9392AA10D7C00073AA3 /* Font+Ext.swift */; };
		F7CBC94B2AA1116100073AA3 /* K2D-LightItalic.ttf in Resources */ = {isa = PBXBuildFile; fileRef = F7CBC93B2AA1116000073AA3 /* K2D-LightItalic.ttf */; };
		F7CBC94C2AA1116100073AA3 /* K2D-ExtraBold.ttf in Resources */ = {isa = PBXBuildFile; fileRef = F7CBC93C2AA1116000073AA3 /* K2D-ExtraBold.ttf */; };
		F7CBC94D2AA1116100073AA3 /* K2D-ThinItalic.ttf in Resources */ = {isa = PBXBuildFile; fileRef = F7CBC93D2AA1116000073AA3 /* K2D-ThinItalic.ttf */; };
		F7CBC94E2AA1116100073AA3 /* K2D-Regular.ttf in Resources */ = {isa = PBXBuildFile; fileRef = F7CBC93E2AA1116000073AA3 /* K2D-Regular.ttf */; };
		F7CBC94F2AA1116100073AA3 /* K2D-SemiBold.ttf in Resources */ = {isa = PBXBuildFile; fileRef = F7CBC93F2AA1116000073AA3 /* K2D-SemiBold.ttf */; };
		F7CBC9502AA1116100073AA3 /* K2D-ExtraBoldItalic.ttf in Resources */ = {isa = PBXBuildFile; fileRef = F7CBC9402AA1116000073AA3 /* K2D-ExtraBoldItalic.ttf */; };
		F7CBC9512AA1116100073AA3 /* K2D-Thin.ttf in Resources */ = {isa = PBXBuildFile; fileRef = F7CBC9412AA1116000073AA3 /* K2D-Thin.ttf */; };
		F7CBC9522AA1116100073AA3 /* K2D-Bold.ttf in Resources */ = {isa = PBXBuildFile; fileRef = F7CBC9422AA1116000073AA3 /* K2D-Bold.ttf */; };
		F7CBC9532AA1116100073AA3 /* K2D-BoldItalic.ttf in Resources */ = {isa = PBXBuildFile; fileRef = F7CBC9432AA1116100073AA3 /* K2D-BoldItalic.ttf */; };
		F7CBC9542AA1116100073AA3 /* K2D-Medium.ttf in Resources */ = {isa = PBXBuildFile; fileRef = F7CBC9442AA1116100073AA3 /* K2D-Medium.ttf */; };
		F7CBC9552AA1116100073AA3 /* K2D-ExtraLight.ttf in Resources */ = {isa = PBXBuildFile; fileRef = F7CBC9452AA1116100073AA3 /* K2D-ExtraLight.ttf */; };
		F7CBC9562AA1116100073AA3 /* K2D-Light.ttf in Resources */ = {isa = PBXBuildFile; fileRef = F7CBC9462AA1116100073AA3 /* K2D-Light.ttf */; };
		F7CBC9572AA1116100073AA3 /* K2D-ExtraLightItalic.ttf in Resources */ = {isa = PBXBuildFile; fileRef = F7CBC9472AA1116100073AA3 /* K2D-ExtraLightItalic.ttf */; };
		F7CBC9582AA1116100073AA3 /* K2D-Italic.ttf in Resources */ = {isa = PBXBuildFile; fileRef = F7CBC9482AA1116100073AA3 /* K2D-Italic.ttf */; };
		F7CBC9592AA1116100073AA3 /* K2D-MediumItalic.ttf in Resources */ = {isa = PBXBuildFile; fileRef = F7CBC9492AA1116100073AA3 /* K2D-MediumItalic.ttf */; };
		F7CBC95A2AA1116100073AA3 /* K2D-SemiBoldItalic.ttf in Resources */ = {isa = PBXBuildFile; fileRef = F7CBC94A2AA1116100073AA3 /* K2D-SemiBoldItalic.ttf */; };
		F7CBC95C2AA11BB700073AA3 /* ImageCard.swift in Sources */ = {isa = PBXBuildFile; fileRef = F7CBC95B2AA11BB700073AA3 /* ImageCard.swift */; };
		F7CBC95E2AA1283700073AA3 /* ElevatedCard.swift in Sources */ = {isa = PBXBuildFile; fileRef = F7CBC95D2AA1283700073AA3 /* ElevatedCard.swift */; };
/* End PBXBuildFile section */

/* Begin PBXFileReference section */
		8C313EA02AB314AF00EC825B /* WelcomeView.swift */ = {isa = PBXFileReference; lastKnownFileType = sourcecode.swift; path = WelcomeView.swift; sourceTree = "<group>"; };
		8C313EA22AB31D6A00EC825B /* ThemeSelectionView.swift */ = {isa = PBXFileReference; lastKnownFileType = sourcecode.swift; path = ThemeSelectionView.swift; sourceTree = "<group>"; };
		8C313EA52AB31DFC00EC825B /* SpeechBallon.swift */ = {isa = PBXFileReference; lastKnownFileType = sourcecode.swift; path = SpeechBallon.swift; sourceTree = "<group>"; };
		8C313EA72AB329E900EC825B /* PageCount.swift */ = {isa = PBXFileReference; lastKnownFileType = sourcecode.swift; path = PageCount.swift; sourceTree = "<group>"; };
		8C313EA92AB32C5100EC825B /* WordsSelection.swift */ = {isa = PBXFileReference; lastKnownFileType = sourcecode.swift; path = WordsSelection.swift; sourceTree = "<group>"; };
		8C313EAB2AB3339500EC825B /* TipsView.swift */ = {isa = PBXFileReference; lastKnownFileType = sourcecode.swift; path = TipsView.swift; sourceTree = "<group>"; };
		8C313EAD2AB36ED700EC825B /* Popup.swift */ = {isa = PBXFileReference; lastKnownFileType = sourcecode.swift; path = Popup.swift; sourceTree = "<group>"; };
		8C313EB02AB3D49000EC825B /* Timer.swift */ = {isa = PBXFileReference; lastKnownFileType = sourcecode.swift; path = Timer.swift; sourceTree = "<group>"; };
		8C80DE2D2AB24B4D00304A83 /* TutorialView.swift */ = {isa = PBXFileReference; lastKnownFileType = sourcecode.swift; path = TutorialView.swift; sourceTree = "<group>"; };
		8CA51D4E2A9D27DB007061B2 /* WordsView.swift */ = {isa = PBXFileReference; lastKnownFileType = sourcecode.swift; path = WordsView.swift; sourceTree = "<group>"; };
		8CA51D502A9D2A20007061B2 /* GameView.swift */ = {isa = PBXFileReference; lastKnownFileType = sourcecode.swift; path = GameView.swift; sourceTree = "<group>"; };
		8CA51D522A9D2C17007061B2 /* DoneView.swift */ = {isa = PBXFileReference; lastKnownFileType = sourcecode.swift; path = DoneView.swift; sourceTree = "<group>"; };
		8CA51D5B2AA12F35007061B2 /* Header.swift */ = {isa = PBXFileReference; lastKnownFileType = sourcecode.swift; path = Header.swift; sourceTree = "<group>"; };
		8CA51D5D2AA12FEE007061B2 /* Tab.swift */ = {isa = PBXFileReference; lastKnownFileType = sourcecode.swift; path = Tab.swift; sourceTree = "<group>"; };
		8CA51D5F2AA13EC6007061B2 /* StoryView.swift */ = {isa = PBXFileReference; lastKnownFileType = sourcecode.swift; path = StoryView.swift; sourceTree = "<group>"; };
		8CA51D622AA13EE9007061B2 /* StorybookView.swift */ = {isa = PBXFileReference; lastKnownFileType = sourcecode.swift; path = StorybookView.swift; sourceTree = "<group>"; };
		8CA51D642AA257B2007061B2 /* TabLabel.swift */ = {isa = PBXFileReference; lastKnownFileType = sourcecode.swift; path = TabLabel.swift; sourceTree = "<group>"; };
		8CA51D662AA6C760007061B2 /* Authorization.swift */ = {isa = PBXFileReference; lastKnownFileType = sourcecode.swift; path = Authorization.swift; sourceTree = "<group>"; };
		F715B4B62AA6CFAA0066548A /* GameController.swift */ = {isa = PBXFileReference; lastKnownFileType = sourcecode.swift; name = GameController.swift; path = telly/Views/GameController.swift; sourceTree = SOURCE_ROOT; };
		F715E7B22A99132E00452CF2 /* SFSpeechRecognizer+Ext.swift */ = {isa = PBXFileReference; lastKnownFileType = sourcecode.swift; path = "SFSpeechRecognizer+Ext.swift"; sourceTree = "<group>"; };
		F715E7B42A99134500452CF2 /* AVAudioSession+Ext.swift */ = {isa = PBXFileReference; lastKnownFileType = sourcecode.swift; path = "AVAudioSession+Ext.swift"; sourceTree = "<group>"; };
		F75343D62AA173F10006E2F6 /* ElevatedTextCard.swift */ = {isa = PBXFileReference; lastKnownFileType = sourcecode.swift; name = ElevatedTextCard.swift; path = telly/Views/ElevatedTextCard.swift; sourceTree = SOURCE_ROOT; };
		F75343D82AA178280006E2F6 /* RangeTile.swift */ = {isa = PBXFileReference; lastKnownFileType = sourcecode.swift; name = RangeTile.swift; path = telly/Views/RangeTile.swift; sourceTree = SOURCE_ROOT; };
		F75343DA2AA17C8A0006E2F6 /* IconCard.swift */ = {isa = PBXFileReference; lastKnownFileType = sourcecode.swift; name = IconCard.swift; path = telly/Views/IconCard.swift; sourceTree = SOURCE_ROOT; };
		F75343DC2AA182F90006E2F6 /* ElevatedButton.swift */ = {isa = PBXFileReference; lastKnownFileType = sourcecode.swift; name = ElevatedButton.swift; path = telly/Views/ElevatedButton.swift; sourceTree = SOURCE_ROOT; };
		F7676D062AA90A1B00502627 /* ProgressBar.swift */ = {isa = PBXFileReference; lastKnownFileType = sourcecode.swift; path = ProgressBar.swift; sourceTree = "<group>"; };
		F7676D0A2AAF293C00502627 /* StoryModel.swift */ = {isa = PBXFileReference; lastKnownFileType = sourcecode.swift; path = StoryModel.swift; sourceTree = "<group>"; };
		F7676D0C2AAF297C00502627 /* Story.swift */ = {isa = PBXFileReference; lastKnownFileType = sourcecode.swift; path = Story.swift; sourceTree = "<group>"; };
		F7895E912A97C96800E8B286 /* telly.app */ = {isa = PBXFileReference; explicitFileType = wrapper.application; includeInIndex = 0; path = telly.app; sourceTree = BUILT_PRODUCTS_DIR; };
		F7895E942A97C96800E8B286 /* tellyApp.swift */ = {isa = PBXFileReference; lastKnownFileType = sourcecode.swift; path = tellyApp.swift; sourceTree = "<group>"; };
		F7895E962A97C96800E8B286 /* ContentView.swift */ = {isa = PBXFileReference; lastKnownFileType = sourcecode.swift; path = ContentView.swift; sourceTree = "<group>"; };
		F7895E982A97C96900E8B286 /* Assets.xcassets */ = {isa = PBXFileReference; lastKnownFileType = folder.assetcatalog; path = Assets.xcassets; sourceTree = "<group>"; };
		F7895E9B2A97C96900E8B286 /* Preview Assets.xcassets */ = {isa = PBXFileReference; lastKnownFileType = folder.assetcatalog; path = "Preview Assets.xcassets"; sourceTree = "<group>"; };
		F7895EA62A97CAF900E8B286 /* OnboardingView.swift */ = {isa = PBXFileReference; lastKnownFileType = sourcecode.swift; path = OnboardingView.swift; sourceTree = "<group>"; };
		F7895EA92A97CB8300E8B286 /* HapticService.swift */ = {isa = PBXFileReference; lastKnownFileType = sourcecode.swift; path = HapticService.swift; sourceTree = "<group>"; };
		F7895EAC2A97CBCD00E8B286 /* Array+Ext.swift */ = {isa = PBXFileReference; lastKnownFileType = sourcecode.swift; path = "Array+Ext.swift"; sourceTree = "<group>"; };
		F7895EAE2A97CBED00E8B286 /* Color+Ext.swift */ = {isa = PBXFileReference; lastKnownFileType = sourcecode.swift; path = "Color+Ext.swift"; sourceTree = "<group>"; };
		F7895EB02A97CD4200E8B286 /* RouterService.swift */ = {isa = PBXFileReference; lastKnownFileType = sourcecode.swift; path = RouterService.swift; sourceTree = "<group>"; };
		F7895EB22A97CED300E8B286 /* View+Ext.swift */ = {isa = PBXFileReference; lastKnownFileType = sourcecode.swift; path = "View+Ext.swift"; sourceTree = "<group>"; };
		F7895EB42A97CF9400E8B286 /* HomeView.swift */ = {isa = PBXFileReference; lastKnownFileType = sourcecode.swift; path = HomeView.swift; sourceTree = "<group>"; };
		F7895EB62A97D11E00E8B286 /* StorageService.swift */ = {isa = PBXFileReference; lastKnownFileType = sourcecode.swift; path = StorageService.swift; sourceTree = "<group>"; };
		F7895EBD2A97D70100E8B286 /* SpeechRegonizerService.swift */ = {isa = PBXFileReference; lastKnownFileType = sourcecode.swift; path = SpeechRegonizerService.swift; sourceTree = "<group>"; };
		F795FB0A2A9E6932009C6DEF /* Duration.swift */ = {isa = PBXFileReference; lastKnownFileType = sourcecode.swift; path = Duration.swift; sourceTree = "<group>"; };
		F795FB0C2A9E6EBD009C6DEF /* AuthorizationView.swift */ = {isa = PBXFileReference; lastKnownFileType = sourcecode.swift; path = AuthorizationView.swift; sourceTree = "<group>"; };
		F7C4F90E2A9B07D600691AC2 /* telly.entitlements */ = {isa = PBXFileReference; lastKnownFileType = text.plist.entitlements; path = telly.entitlements; sourceTree = "<group>"; };
		F7C4F90F2A9B110500691AC2 /* GameService.swift */ = {isa = PBXFileReference; lastKnownFileType = sourcecode.swift; path = GameService.swift; sourceTree = "<group>"; };
		F7C7D46C2AB0069100EC8256 /* AudioService.swift */ = {isa = PBXFileReference; lastKnownFileType = sourcecode.swift; path = AudioService.swift; sourceTree = "<group>"; };
		F7C7D46E2AB1232C00EC8256 /* StorySheetView.swift */ = {isa = PBXFileReference; lastKnownFileType = sourcecode.swift; path = StorySheetView.swift; sourceTree = "<group>"; };
		F7C7D4702AB250D100EC8256 /* AnimatedIcon.swift */ = {isa = PBXFileReference; lastKnownFileType = sourcecode.swift; path = AnimatedIcon.swift; sourceTree = "<group>"; };
		F7C7D4752AB2ABDA00EC8256 /* en */ = {isa = PBXFileReference; lastKnownFileType = text.plist.strings; name = en; path = en.lproj/Localizable.strings; sourceTree = "<group>"; };
		F7C7D4772AB2ABE000EC8256 /* pt-BR */ = {isa = PBXFileReference; lastKnownFileType = text.plist.strings; name = "pt-BR"; path = "pt-BR.lproj/Localizable.strings"; sourceTree = "<group>"; };
		F7C7D4782AB2BD4600EC8256 /* fr */ = {isa = PBXFileReference; lastKnownFileType = text.plist.strings; name = fr; path = fr.lproj/Localizable.strings; sourceTree = "<group>"; };
		F7C7D4792AB2C64600EC8256 /* SynthesisService.swift */ = {isa = PBXFileReference; lastKnownFileType = sourcecode.swift; path = SynthesisService.swift; sourceTree = "<group>"; };
		F7CBC92F2A9FCCA700073AA3 /* Datasource.swift */ = {isa = PBXFileReference; lastKnownFileType = sourcecode.swift; path = Datasource.swift; sourceTree = "<group>"; };
		F7CBC9312A9FCCC300073AA3 /* ElementManager.swift */ = {isa = PBXFileReference; lastKnownFileType = sourcecode.swift; path = ElementManager.swift; sourceTree = "<group>"; };
		F7CBC9332A9FCECD00073AA3 /* ElementModel.swift */ = {isa = PBXFileReference; lastKnownFileType = sourcecode.swift; path = ElementModel.swift; sourceTree = "<group>"; };
		F7CBC9372AA10AC300073AA3 /* Info.plist */ = {isa = PBXFileReference; lastKnownFileType = text.plist; path = Info.plist; sourceTree = "<group>"; };
		F7CBC9392AA10D7C00073AA3 /* Font+Ext.swift */ = {isa = PBXFileReference; lastKnownFileType = sourcecode.swift; path = "Font+Ext.swift"; sourceTree = "<group>"; };
		F7CBC93B2AA1116000073AA3 /* K2D-LightItalic.ttf */ = {isa = PBXFileReference; lastKnownFileType = file; path = "K2D-LightItalic.ttf"; sourceTree = "<group>"; };
		F7CBC93C2AA1116000073AA3 /* K2D-ExtraBold.ttf */ = {isa = PBXFileReference; lastKnownFileType = file; path = "K2D-ExtraBold.ttf"; sourceTree = "<group>"; };
		F7CBC93D2AA1116000073AA3 /* K2D-ThinItalic.ttf */ = {isa = PBXFileReference; lastKnownFileType = file; path = "K2D-ThinItalic.ttf"; sourceTree = "<group>"; };
		F7CBC93E2AA1116000073AA3 /* K2D-Regular.ttf */ = {isa = PBXFileReference; lastKnownFileType = file; path = "K2D-Regular.ttf"; sourceTree = "<group>"; };
		F7CBC93F2AA1116000073AA3 /* K2D-SemiBold.ttf */ = {isa = PBXFileReference; lastKnownFileType = file; path = "K2D-SemiBold.ttf"; sourceTree = "<group>"; };
		F7CBC9402AA1116000073AA3 /* K2D-ExtraBoldItalic.ttf */ = {isa = PBXFileReference; lastKnownFileType = file; path = "K2D-ExtraBoldItalic.ttf"; sourceTree = "<group>"; };
		F7CBC9412AA1116000073AA3 /* K2D-Thin.ttf */ = {isa = PBXFileReference; lastKnownFileType = file; path = "K2D-Thin.ttf"; sourceTree = "<group>"; };
		F7CBC9422AA1116000073AA3 /* K2D-Bold.ttf */ = {isa = PBXFileReference; lastKnownFileType = file; path = "K2D-Bold.ttf"; sourceTree = "<group>"; };
		F7CBC9432AA1116100073AA3 /* K2D-BoldItalic.ttf */ = {isa = PBXFileReference; lastKnownFileType = file; path = "K2D-BoldItalic.ttf"; sourceTree = "<group>"; };
		F7CBC9442AA1116100073AA3 /* K2D-Medium.ttf */ = {isa = PBXFileReference; lastKnownFileType = file; path = "K2D-Medium.ttf"; sourceTree = "<group>"; };
		F7CBC9452AA1116100073AA3 /* K2D-ExtraLight.ttf */ = {isa = PBXFileReference; lastKnownFileType = file; path = "K2D-ExtraLight.ttf"; sourceTree = "<group>"; };
		F7CBC9462AA1116100073AA3 /* K2D-Light.ttf */ = {isa = PBXFileReference; lastKnownFileType = file; path = "K2D-Light.ttf"; sourceTree = "<group>"; };
		F7CBC9472AA1116100073AA3 /* K2D-ExtraLightItalic.ttf */ = {isa = PBXFileReference; lastKnownFileType = file; path = "K2D-ExtraLightItalic.ttf"; sourceTree = "<group>"; };
		F7CBC9482AA1116100073AA3 /* K2D-Italic.ttf */ = {isa = PBXFileReference; lastKnownFileType = file; path = "K2D-Italic.ttf"; sourceTree = "<group>"; };
		F7CBC9492AA1116100073AA3 /* K2D-MediumItalic.ttf */ = {isa = PBXFileReference; lastKnownFileType = file; path = "K2D-MediumItalic.ttf"; sourceTree = "<group>"; };
		F7CBC94A2AA1116100073AA3 /* K2D-SemiBoldItalic.ttf */ = {isa = PBXFileReference; lastKnownFileType = file; path = "K2D-SemiBoldItalic.ttf"; sourceTree = "<group>"; };
		F7CBC95B2AA11BB700073AA3 /* ImageCard.swift */ = {isa = PBXFileReference; lastKnownFileType = sourcecode.swift; name = ImageCard.swift; path = telly/Utils/Extensions/ImageCard.swift; sourceTree = SOURCE_ROOT; };
		F7CBC95D2AA1283700073AA3 /* ElevatedCard.swift */ = {isa = PBXFileReference; lastKnownFileType = sourcecode.swift; name = ElevatedCard.swift; path = telly/Utils/Extensions/ElevatedCard.swift; sourceTree = SOURCE_ROOT; };
/* End PBXFileReference section */

/* Begin PBXFrameworksBuildPhase section */
		F7895E8E2A97C96800E8B286 /* Frameworks */ = {
			isa = PBXFrameworksBuildPhase;
			buildActionMask = 2147483647;
			files = (
			);
			runOnlyForDeploymentPostprocessing = 0;
		};
/* End PBXFrameworksBuildPhase section */

/* Begin PBXGroup section */
		8C313EA42AB31D7700EC825B /* TutorialViews */ = {
			isa = PBXGroup;
			children = (
				8C80DE2D2AB24B4D00304A83 /* TutorialView.swift */,
				8C313EA02AB314AF00EC825B /* WelcomeView.swift */,
				8C313EA22AB31D6A00EC825B /* ThemeSelectionView.swift */,
				8C313EA92AB32C5100EC825B /* WordsSelection.swift */,
				8C313EAB2AB3339500EC825B /* TipsView.swift */,
			);
			path = TutorialViews;
			sourceTree = "<group>";
		};
		F7895E882A97C96800E8B286 = {
			isa = PBXGroup;
			children = (
				F7895E932A97C96800E8B286 /* telly */,
				F7895E922A97C96800E8B286 /* Products */,
			);
			sourceTree = "<group>";
		};
		F7895E922A97C96800E8B286 /* Products */ = {
			isa = PBXGroup;
			children = (
				F7895E912A97C96800E8B286 /* telly.app */,
			);
			name = Products;
			sourceTree = "<group>";
		};
		F7895E932A97C96800E8B286 /* telly */ = {
			isa = PBXGroup;
			children = (
				F7CBC9372AA10AC300073AA3 /* Info.plist */,
				F7CBC9352AA1091D00073AA3 /* Resources */,
				F7CBC92E2A9FCC8A00073AA3 /* Datasource */,
				F7895EA82A97CB4400E8B286 /* Utils */,
				F7895EA52A97CAD900E8B286 /* Components */,
				F7895EA42A97CAD000E8B286 /* Services */,
				F7895EA32A97CAB900E8B286 /* Controllers */,
				F7895EA22A97CAAD00E8B286 /* Views */,
				F7895E942A97C96800E8B286 /* tellyApp.swift */,
				F7895E982A97C96900E8B286 /* Assets.xcassets */,
				F7C4F90E2A9B07D600691AC2 /* telly.entitlements */,
				F7895E9A2A97C96900E8B286 /* Preview Content */,
			);
			path = telly;
			sourceTree = "<group>";
		};
		F7895E9A2A97C96900E8B286 /* Preview Content */ = {
			isa = PBXGroup;
			children = (
				F7895E9B2A97C96900E8B286 /* Preview Assets.xcassets */,
			);
			path = "Preview Content";
			sourceTree = "<group>";
		};
		F7895EA22A97CAAD00E8B286 /* Views */ = {
			isa = PBXGroup;
			children = (
				F7895E962A97C96800E8B286 /* ContentView.swift */,
				F7895EA62A97CAF900E8B286 /* OnboardingView.swift */,
				8C313EA42AB31D7700EC825B /* TutorialViews */,
				F7895EB42A97CF9400E8B286 /* HomeView.swift */,
				8CA51D5F2AA13EC6007061B2 /* StoryView.swift */,
				8CA51D622AA13EE9007061B2 /* StorybookView.swift */,
				F7C7D46E2AB1232C00EC8256 /* StorySheetView.swift */,
				8CA51D502A9D2A20007061B2 /* GameView.swift */,
				8CA51D522A9D2C17007061B2 /* DoneView.swift */,
				8CA51D4E2A9D27DB007061B2 /* WordsView.swift */,
				F795FB0C2A9E6EBD009C6DEF /* AuthorizationView.swift */,
			);
			path = Views;
			sourceTree = "<group>";
		};
		F7895EA32A97CAB900E8B286 /* Controllers */ = {
			isa = PBXGroup;
			children = (
				F715B4B62AA6CFAA0066548A /* GameController.swift */,
			);
			path = Controllers;
			sourceTree = "<group>";
		};
		F7895EA42A97CAD000E8B286 /* Services */ = {
			isa = PBXGroup;
			children = (
				F7895EA92A97CB8300E8B286 /* HapticService.swift */,
				F7895EB02A97CD4200E8B286 /* RouterService.swift */,
				F7895EB62A97D11E00E8B286 /* StorageService.swift */,
				F7895EBD2A97D70100E8B286 /* SpeechRegonizerService.swift */,
				F7C4F90F2A9B110500691AC2 /* GameService.swift */,
				F7C7D46C2AB0069100EC8256 /* AudioService.swift */,
				F7C7D4792AB2C64600EC8256 /* SynthesisService.swift */,
			);
			path = Services;
			sourceTree = "<group>";
		};
		F7895EA52A97CAD900E8B286 /* Components */ = {
			isa = PBXGroup;
			children = (
				8CA51D5B2AA12F35007061B2 /* Header.swift */,
				8CA51D5D2AA12FEE007061B2 /* Tab.swift */,
				8CA51D642AA257B2007061B2 /* TabLabel.swift */,
				F7CBC95B2AA11BB700073AA3 /* ImageCard.swift */,
				F7CBC95D2AA1283700073AA3 /* ElevatedCard.swift */,
				F75343D62AA173F10006E2F6 /* ElevatedTextCard.swift */,
				F75343D82AA178280006E2F6 /* RangeTile.swift */,
				F75343DA2AA17C8A0006E2F6 /* IconCard.swift */,
				F75343DC2AA182F90006E2F6 /* ElevatedButton.swift */,
				8CA51D662AA6C760007061B2 /* Authorization.swift */,
				F7676D062AA90A1B00502627 /* ProgressBar.swift */,
				F7676D0C2AAF297C00502627 /* Story.swift */,
				8C313EA52AB31DFC00EC825B /* SpeechBallon.swift */,
				8C313EA72AB329E900EC825B /* PageCount.swift */,
				8C313EAD2AB36ED700EC825B /* Popup.swift */,
				F7C7D4702AB250D100EC8256 /* AnimatedIcon.swift */,
				8C313EB02AB3D49000EC825B /* Timer.swift */,
			);
			path = Components;
			sourceTree = "<group>";
		};
		F7895EA82A97CB4400E8B286 /* Utils */ = {
			isa = PBXGroup;
			children = (
				F7895EAB2A97CBBD00E8B286 /* Extensions */,
				F795FB0A2A9E6932009C6DEF /* Duration.swift */,
			);
			path = Utils;
			sourceTree = "<group>";
		};
		F7895EAB2A97CBBD00E8B286 /* Extensions */ = {
			isa = PBXGroup;
			children = (
				F7895EAC2A97CBCD00E8B286 /* Array+Ext.swift */,
				F7895EAE2A97CBED00E8B286 /* Color+Ext.swift */,
				F7895EB22A97CED300E8B286 /* View+Ext.swift */,
				F715E7B22A99132E00452CF2 /* SFSpeechRecognizer+Ext.swift */,
				F715E7B42A99134500452CF2 /* AVAudioSession+Ext.swift */,
				F7CBC9392AA10D7C00073AA3 /* Font+Ext.swift */,
			);
			path = Extensions;
			sourceTree = "<group>";
		};
		F7CBC92E2A9FCC8A00073AA3 /* Datasource */ = {
			isa = PBXGroup;
			children = (
				F7CBC92F2A9FCCA700073AA3 /* Datasource.swift */,
				F7CBC9312A9FCCC300073AA3 /* ElementManager.swift */,
				F7CBC9332A9FCECD00073AA3 /* ElementModel.swift */,
				F7676D0A2AAF293C00502627 /* StoryModel.swift */,
			);
			path = Datasource;
			sourceTree = "<group>";
		};
		F7CBC9352AA1091D00073AA3 /* Resources */ = {
			isa = PBXGroup;
			children = (
				F7CBC9422AA1116000073AA3 /* K2D-Bold.ttf */,
				F7CBC9432AA1116100073AA3 /* K2D-BoldItalic.ttf */,
				F7CBC93C2AA1116000073AA3 /* K2D-ExtraBold.ttf */,
				F7CBC9402AA1116000073AA3 /* K2D-ExtraBoldItalic.ttf */,
				F7CBC9452AA1116100073AA3 /* K2D-ExtraLight.ttf */,
				F7CBC9472AA1116100073AA3 /* K2D-ExtraLightItalic.ttf */,
				F7CBC9482AA1116100073AA3 /* K2D-Italic.ttf */,
				F7CBC9462AA1116100073AA3 /* K2D-Light.ttf */,
				F7CBC93B2AA1116000073AA3 /* K2D-LightItalic.ttf */,
				F7CBC9442AA1116100073AA3 /* K2D-Medium.ttf */,
				F7CBC9492AA1116100073AA3 /* K2D-MediumItalic.ttf */,
				F7CBC93E2AA1116000073AA3 /* K2D-Regular.ttf */,
				F7CBC93F2AA1116000073AA3 /* K2D-SemiBold.ttf */,
				F7CBC94A2AA1116100073AA3 /* K2D-SemiBoldItalic.ttf */,
				F7CBC9412AA1116000073AA3 /* K2D-Thin.ttf */,
				F7CBC93D2AA1116000073AA3 /* K2D-ThinItalic.ttf */,
				F7C7D4762AB2ABDA00EC8256 /* Localizable.strings */,
			);
			path = Resources;
			sourceTree = "<group>";
		};
/* End PBXGroup section */

/* Begin PBXNativeTarget section */
		F7895E902A97C96800E8B286 /* telly */ = {
			isa = PBXNativeTarget;
			buildConfigurationList = F7895E9F2A97C96900E8B286 /* Build configuration list for PBXNativeTarget "telly" */;
			buildPhases = (
				F7895E8D2A97C96800E8B286 /* Sources */,
				F7895E8E2A97C96800E8B286 /* Frameworks */,
				F7895E8F2A97C96800E8B286 /* Resources */,
			);
			buildRules = (
			);
			dependencies = (
			);
			name = telly;
			packageProductDependencies = (
			);
			productName = duck;
			productReference = F7895E912A97C96800E8B286 /* telly.app */;
			productType = "com.apple.product-type.application";
		};
/* End PBXNativeTarget section */

/* Begin PBXProject section */
		F7895E892A97C96800E8B286 /* Project object */ = {
			isa = PBXProject;
			attributes = {
				BuildIndependentTargetsInParallel = 1;
				LastSwiftUpdateCheck = 1430;
				LastUpgradeCheck = 1430;
				TargetAttributes = {
					F7895E902A97C96800E8B286 = {
						CreatedOnToolsVersion = 14.3.1;
					};
				};
			};
			buildConfigurationList = F7895E8C2A97C96800E8B286 /* Build configuration list for PBXProject "telly" */;
			compatibilityVersion = "Xcode 14.0";
			developmentRegion = en;
			hasScannedForEncodings = 0;
			knownRegions = (
				en,
				Base,
				"pt-BR",
				fr,
			);
			mainGroup = F7895E882A97C96800E8B286;
			packageReferences = (
			);
			productRefGroup = F7895E922A97C96800E8B286 /* Products */;
			projectDirPath = "";
			projectRoot = "";
			targets = (
				F7895E902A97C96800E8B286 /* telly */,
			);
		};
/* End PBXProject section */

/* Begin PBXResourcesBuildPhase section */
		F7895E8F2A97C96800E8B286 /* Resources */ = {
			isa = PBXResourcesBuildPhase;
			buildActionMask = 2147483647;
			files = (
				F7CBC9592AA1116100073AA3 /* K2D-MediumItalic.ttf in Resources */,
				F7CBC9532AA1116100073AA3 /* K2D-BoldItalic.ttf in Resources */,
				F7CBC94C2AA1116100073AA3 /* K2D-ExtraBold.ttf in Resources */,
				F7CBC95A2AA1116100073AA3 /* K2D-SemiBoldItalic.ttf in Resources */,
				F7CBC9522AA1116100073AA3 /* K2D-Bold.ttf in Resources */,
				F7CBC9512AA1116100073AA3 /* K2D-Thin.ttf in Resources */,
				F7895E9C2A97C96900E8B286 /* Preview Assets.xcassets in Resources */,
				F7CBC9552AA1116100073AA3 /* K2D-ExtraLight.ttf in Resources */,
				F7895E992A97C96900E8B286 /* Assets.xcassets in Resources */,
				F7CBC94F2AA1116100073AA3 /* K2D-SemiBold.ttf in Resources */,
				F7CBC9502AA1116100073AA3 /* K2D-ExtraBoldItalic.ttf in Resources */,
				F7CBC94B2AA1116100073AA3 /* K2D-LightItalic.ttf in Resources */,
				F7CBC9542AA1116100073AA3 /* K2D-Medium.ttf in Resources */,
				F7CBC94D2AA1116100073AA3 /* K2D-ThinItalic.ttf in Resources */,
				F7CBC9572AA1116100073AA3 /* K2D-ExtraLightItalic.ttf in Resources */,
				F7CBC94E2AA1116100073AA3 /* K2D-Regular.ttf in Resources */,
				F7C7D4742AB2ABDA00EC8256 /* Localizable.strings in Resources */,
				F7CBC9582AA1116100073AA3 /* K2D-Italic.ttf in Resources */,
				F7CBC9562AA1116100073AA3 /* K2D-Light.ttf in Resources */,
			);
			runOnlyForDeploymentPostprocessing = 0;
		};
/* End PBXResourcesBuildPhase section */

/* Begin PBXSourcesBuildPhase section */
		F7895E8D2A97C96800E8B286 /* Sources */ = {
			isa = PBXSourcesBuildPhase;
			buildActionMask = 2147483647;
			files = (
				F75343DB2AA17C8A0006E2F6 /* IconCard.swift in Sources */,
				8C313EA12AB314AF00EC825B /* WelcomeView.swift in Sources */,
				F7895EB52A97CF9400E8B286 /* HomeView.swift in Sources */,
				F7895EB32A97CED300E8B286 /* View+Ext.swift in Sources */,
				F7CBC9302A9FCCA700073AA3 /* Datasource.swift in Sources */,
				F715E7B32A99132E00452CF2 /* SFSpeechRecognizer+Ext.swift in Sources */,
				F75343D72AA173F10006E2F6 /* ElevatedTextCard.swift in Sources */,
				F715B4B72AA6CFAA0066548A /* GameController.swift in Sources */,
				8CA51D4F2A9D27DB007061B2 /* WordsView.swift in Sources */,
				F7C7D46F2AB1232C00EC8256 /* StorySheetView.swift in Sources */,
				F7676D072AA90A1B00502627 /* ProgressBar.swift in Sources */,
				8CA51D512A9D2A20007061B2 /* GameView.swift in Sources */,
				F7895EB12A97CD4200E8B286 /* RouterService.swift in Sources */,
				8CA51D5E2AA12FEE007061B2 /* Tab.swift in Sources */,
				F75343D92AA178280006E2F6 /* RangeTile.swift in Sources */,
				8C80DE2E2AB24B4D00304A83 /* TutorialView.swift in Sources */,
				F7895EAA2A97CB8300E8B286 /* HapticService.swift in Sources */,
				F7895EA72A97CAF900E8B286 /* OnboardingView.swift in Sources */,
				F7C7D47A2AB2C64600EC8256 /* SynthesisService.swift in Sources */,
				8CA51D632AA13EE9007061B2 /* StorybookView.swift in Sources */,
				8C313EAA2AB32C5100EC825B /* WordsSelection.swift in Sources */,
				F7CBC9342A9FCECD00073AA3 /* ElementModel.swift in Sources */,
				F7C4F9102A9B110500691AC2 /* GameService.swift in Sources */,
				F795FB0D2A9E6EBD009C6DEF /* AuthorizationView.swift in Sources */,
				F7895EB72A97D11E00E8B286 /* StorageService.swift in Sources */,
				8C313EA32AB31D6A00EC825B /* ThemeSelectionView.swift in Sources */,
				8C313EA82AB329E900EC825B /* PageCount.swift in Sources */,
				F7CBC95E2AA1283700073AA3 /* ElevatedCard.swift in Sources */,
				8CA51D672AA6C760007061B2 /* Authorization.swift in Sources */,
				F7C7D4712AB250D100EC8256 /* AnimatedIcon.swift in Sources */,
				F7CBC95C2AA11BB700073AA3 /* ImageCard.swift in Sources */,
				F7895EAD2A97CBCD00E8B286 /* Array+Ext.swift in Sources */,
				F75343DD2AA182F90006E2F6 /* ElevatedButton.swift in Sources */,
				F7895E972A97C96800E8B286 /* ContentView.swift in Sources */,
				F7895EBE2A97D70100E8B286 /* SpeechRegonizerService.swift in Sources */,
				8CA51D652AA257B2007061B2 /* TabLabel.swift in Sources */,
				8CA51D5C2AA12F35007061B2 /* Header.swift in Sources */,
				8C313EAE2AB36ED700EC825B /* Popup.swift in Sources */,
				8CA51D532A9D2C17007061B2 /* DoneView.swift in Sources */,
				8C313EAC2AB3339500EC825B /* TipsView.swift in Sources */,
				F7CBC9322A9FCCC300073AA3 /* ElementManager.swift in Sources */,
				F7C7D46D2AB0069100EC8256 /* AudioService.swift in Sources */,
				F715E7B52A99134500452CF2 /* AVAudioSession+Ext.swift in Sources */,
				F7895E952A97C96800E8B286 /* tellyApp.swift in Sources */,
				8CA51D602AA13EC6007061B2 /* StoryView.swift in Sources */,
				F7895EAF2A97CBED00E8B286 /* Color+Ext.swift in Sources */,
				8C313EA62AB31DFC00EC825B /* SpeechBallon.swift in Sources */,
				F7CBC93A2AA10D7C00073AA3 /* Font+Ext.swift in Sources */,
				F795FB0B2A9E6932009C6DEF /* Duration.swift in Sources */,
				F7676D0B2AAF293C00502627 /* StoryModel.swift in Sources */,
				8C313EB12AB3D49000EC825B /* Timer.swift in Sources */,
				F7676D0D2AAF297C00502627 /* Story.swift in Sources */,
			);
			runOnlyForDeploymentPostprocessing = 0;
		};
/* End PBXSourcesBuildPhase section */

/* Begin PBXVariantGroup section */
		F7C7D4762AB2ABDA00EC8256 /* Localizable.strings */ = {
			isa = PBXVariantGroup;
			children = (
				F7C7D4752AB2ABDA00EC8256 /* en */,
				F7C7D4772AB2ABE000EC8256 /* pt-BR */,
				F7C7D4782AB2BD4600EC8256 /* fr */,
			);
			name = Localizable.strings;
			sourceTree = "<group>";
		};
/* End PBXVariantGroup section */

/* Begin XCBuildConfiguration section */
		F7895E9D2A97C96900E8B286 /* Debug */ = {
			isa = XCBuildConfiguration;
			buildSettings = {
				ALWAYS_SEARCH_USER_PATHS = NO;
				CLANG_ANALYZER_NONNULL = YES;
				CLANG_ANALYZER_NUMBER_OBJECT_CONVERSION = YES_AGGRESSIVE;
				CLANG_CXX_LANGUAGE_STANDARD = "gnu++20";
				CLANG_ENABLE_MODULES = YES;
				CLANG_ENABLE_OBJC_ARC = YES;
				CLANG_ENABLE_OBJC_WEAK = YES;
				CLANG_WARN_BLOCK_CAPTURE_AUTORELEASING = YES;
				CLANG_WARN_BOOL_CONVERSION = YES;
				CLANG_WARN_COMMA = YES;
				CLANG_WARN_CONSTANT_CONVERSION = YES;
				CLANG_WARN_DEPRECATED_OBJC_IMPLEMENTATIONS = YES;
				CLANG_WARN_DIRECT_OBJC_ISA_USAGE = YES_ERROR;
				CLANG_WARN_DOCUMENTATION_COMMENTS = YES;
				CLANG_WARN_EMPTY_BODY = YES;
				CLANG_WARN_ENUM_CONVERSION = YES;
				CLANG_WARN_INFINITE_RECURSION = YES;
				CLANG_WARN_INT_CONVERSION = YES;
				CLANG_WARN_NON_LITERAL_NULL_CONVERSION = YES;
				CLANG_WARN_OBJC_IMPLICIT_RETAIN_SELF = YES;
				CLANG_WARN_OBJC_LITERAL_CONVERSION = YES;
				CLANG_WARN_OBJC_ROOT_CLASS = YES_ERROR;
				CLANG_WARN_QUOTED_INCLUDE_IN_FRAMEWORK_HEADER = YES;
				CLANG_WARN_RANGE_LOOP_ANALYSIS = YES;
				CLANG_WARN_STRICT_PROTOTYPES = YES;
				CLANG_WARN_SUSPICIOUS_MOVE = YES;
				CLANG_WARN_UNGUARDED_AVAILABILITY = YES_AGGRESSIVE;
				CLANG_WARN_UNREACHABLE_CODE = YES;
				CLANG_WARN__DUPLICATE_METHOD_MATCH = YES;
				COPY_PHASE_STRIP = NO;
				DEBUG_INFORMATION_FORMAT = dwarf;
				ENABLE_STRICT_OBJC_MSGSEND = YES;
				ENABLE_TESTABILITY = YES;
				GCC_C_LANGUAGE_STANDARD = gnu11;
				GCC_DYNAMIC_NO_PIC = NO;
				GCC_NO_COMMON_BLOCKS = YES;
				GCC_OPTIMIZATION_LEVEL = 0;
				GCC_PREPROCESSOR_DEFINITIONS = (
					"DEBUG=1",
					"$(inherited)",
				);
				GCC_WARN_64_TO_32_BIT_CONVERSION = YES;
				GCC_WARN_ABOUT_RETURN_TYPE = YES_ERROR;
				GCC_WARN_UNDECLARED_SELECTOR = YES;
				GCC_WARN_UNINITIALIZED_AUTOS = YES_AGGRESSIVE;
				GCC_WARN_UNUSED_FUNCTION = YES;
				GCC_WARN_UNUSED_VARIABLE = YES;
				IPHONEOS_DEPLOYMENT_TARGET = 14.0;
				MTL_ENABLE_DEBUG_INFO = INCLUDE_SOURCE;
				MTL_FAST_MATH = YES;
				ONLY_ACTIVE_ARCH = YES;
				SDKROOT = iphoneos;
				SWIFT_ACTIVE_COMPILATION_CONDITIONS = DEBUG;
				SWIFT_OPTIMIZATION_LEVEL = "-Onone";
			};
			name = Debug;
		};
		F7895E9E2A97C96900E8B286 /* Release */ = {
			isa = XCBuildConfiguration;
			buildSettings = {
				ALWAYS_SEARCH_USER_PATHS = NO;
				CLANG_ANALYZER_NONNULL = YES;
				CLANG_ANALYZER_NUMBER_OBJECT_CONVERSION = YES_AGGRESSIVE;
				CLANG_CXX_LANGUAGE_STANDARD = "gnu++20";
				CLANG_ENABLE_MODULES = YES;
				CLANG_ENABLE_OBJC_ARC = YES;
				CLANG_ENABLE_OBJC_WEAK = YES;
				CLANG_WARN_BLOCK_CAPTURE_AUTORELEASING = YES;
				CLANG_WARN_BOOL_CONVERSION = YES;
				CLANG_WARN_COMMA = YES;
				CLANG_WARN_CONSTANT_CONVERSION = YES;
				CLANG_WARN_DEPRECATED_OBJC_IMPLEMENTATIONS = YES;
				CLANG_WARN_DIRECT_OBJC_ISA_USAGE = YES_ERROR;
				CLANG_WARN_DOCUMENTATION_COMMENTS = YES;
				CLANG_WARN_EMPTY_BODY = YES;
				CLANG_WARN_ENUM_CONVERSION = YES;
				CLANG_WARN_INFINITE_RECURSION = YES;
				CLANG_WARN_INT_CONVERSION = YES;
				CLANG_WARN_NON_LITERAL_NULL_CONVERSION = YES;
				CLANG_WARN_OBJC_IMPLICIT_RETAIN_SELF = YES;
				CLANG_WARN_OBJC_LITERAL_CONVERSION = YES;
				CLANG_WARN_OBJC_ROOT_CLASS = YES_ERROR;
				CLANG_WARN_QUOTED_INCLUDE_IN_FRAMEWORK_HEADER = YES;
				CLANG_WARN_RANGE_LOOP_ANALYSIS = YES;
				CLANG_WARN_STRICT_PROTOTYPES = YES;
				CLANG_WARN_SUSPICIOUS_MOVE = YES;
				CLANG_WARN_UNGUARDED_AVAILABILITY = YES_AGGRESSIVE;
				CLANG_WARN_UNREACHABLE_CODE = YES;
				CLANG_WARN__DUPLICATE_METHOD_MATCH = YES;
				COPY_PHASE_STRIP = NO;
				DEBUG_INFORMATION_FORMAT = "dwarf-with-dsym";
				ENABLE_NS_ASSERTIONS = NO;
				ENABLE_STRICT_OBJC_MSGSEND = YES;
				GCC_C_LANGUAGE_STANDARD = gnu11;
				GCC_NO_COMMON_BLOCKS = YES;
				GCC_WARN_64_TO_32_BIT_CONVERSION = YES;
				GCC_WARN_ABOUT_RETURN_TYPE = YES_ERROR;
				GCC_WARN_UNDECLARED_SELECTOR = YES;
				GCC_WARN_UNINITIALIZED_AUTOS = YES_AGGRESSIVE;
				GCC_WARN_UNUSED_FUNCTION = YES;
				GCC_WARN_UNUSED_VARIABLE = YES;
				IPHONEOS_DEPLOYMENT_TARGET = 14.0;
				MTL_ENABLE_DEBUG_INFO = NO;
				MTL_FAST_MATH = YES;
				SDKROOT = iphoneos;
				SWIFT_COMPILATION_MODE = wholemodule;
				SWIFT_OPTIMIZATION_LEVEL = "-O";
				VALIDATE_PRODUCT = YES;
			};
			name = Release;
		};
		F7895EA02A97C96900E8B286 /* Debug */ = {
			isa = XCBuildConfiguration;
			buildSettings = {
				ASSETCATALOG_COMPILER_APPICON_NAME = AppIcon;
				ASSETCATALOG_COMPILER_GLOBAL_ACCENT_COLOR_NAME = AccentColor;
				CODE_SIGN_ENTITLEMENTS = telly/telly.entitlements;
				CODE_SIGN_IDENTITY = "Apple Development";
				CODE_SIGN_STYLE = Automatic;
				CURRENT_PROJECT_VERSION = 14;
				DEVELOPMENT_ASSET_PATHS = "\"telly/Preview Content\"";
				DEVELOPMENT_TEAM = R9V648Y475;
				ENABLE_PREVIEWS = YES;
				GENERATE_INFOPLIST_FILE = YES;
				INFOPLIST_FILE = telly/Info.plist;
				INFOPLIST_KEY_CFBundleDisplayName = Telly;
				INFOPLIST_KEY_LSApplicationCategoryType = "public.app-category.education";
				INFOPLIST_KEY_NSMicrophoneUsageDescription = "We need access to the microphone to capture audio.";
				INFOPLIST_KEY_NSSpeechRecognitionUsageDescription = "We need access to speech recognition to transcribe your voice into text.";
				INFOPLIST_KEY_UIApplicationSceneManifest_Generation = YES;
				INFOPLIST_KEY_UIApplicationSupportsIndirectInputEvents = YES;
				INFOPLIST_KEY_UILaunchScreen_Generation = YES;
				INFOPLIST_KEY_UISupportedInterfaceOrientations = "UIInterfaceOrientationLandscapeLeft UIInterfaceOrientationLandscapeRight UIInterfaceOrientationPortrait UIInterfaceOrientationPortraitUpsideDown";
				IPHONEOS_DEPLOYMENT_TARGET = 16.0;
				LD_RUNPATH_SEARCH_PATHS = (
					"$(inherited)",
					"@executable_path/Frameworks",
				);
				MARKETING_VERSION = 1.0;
				PRODUCT_BUNDLE_IDENTIFIER = com.berkspar.telly;
				PRODUCT_NAME = "$(TARGET_NAME)";
				PROVISIONING_PROFILE_SPECIFIER = "";
				SWIFT_EMIT_LOC_STRINGS = YES;
				SWIFT_VERSION = 5.0;
				TARGETED_DEVICE_FAMILY = "1,2";
			};
			name = Debug;
		};
		F7895EA12A97C96900E8B286 /* Release */ = {
			isa = XCBuildConfiguration;
			buildSettings = {
				ASSETCATALOG_COMPILER_APPICON_NAME = AppIcon;
				ASSETCATALOG_COMPILER_GLOBAL_ACCENT_COLOR_NAME = AccentColor;
				CODE_SIGN_ENTITLEMENTS = telly/telly.entitlements;
				CODE_SIGN_IDENTITY = "Apple Development";
				CODE_SIGN_STYLE = Automatic;
				CURRENT_PROJECT_VERSION = 14;
				DEVELOPMENT_ASSET_PATHS = "\"telly/Preview Content\"";
				DEVELOPMENT_TEAM = R9V648Y475;
				ENABLE_PREVIEWS = YES;
				GENERATE_INFOPLIST_FILE = YES;
				INFOPLIST_FILE = telly/Info.plist;
				INFOPLIST_KEY_CFBundleDisplayName = Telly;
				INFOPLIST_KEY_LSApplicationCategoryType = "public.app-category.education";
				INFOPLIST_KEY_NSMicrophoneUsageDescription = "We need access to the microphone to capture audio.";
				INFOPLIST_KEY_NSSpeechRecognitionUsageDescription = "We need access to speech recognition to transcribe your voice into text.";
				INFOPLIST_KEY_UIApplicationSceneManifest_Generation = YES;
				INFOPLIST_KEY_UIApplicationSupportsIndirectInputEvents = YES;
				INFOPLIST_KEY_UILaunchScreen_Generation = YES;
				INFOPLIST_KEY_UISupportedInterfaceOrientations = "UIInterfaceOrientationLandscapeLeft UIInterfaceOrientationLandscapeRight UIInterfaceOrientationPortrait UIInterfaceOrientationPortraitUpsideDown";
				IPHONEOS_DEPLOYMENT_TARGET = 16.0;
				LD_RUNPATH_SEARCH_PATHS = (
					"$(inherited)",
					"@executable_path/Frameworks",
				);
				MARKETING_VERSION = 1.0;
				PRODUCT_BUNDLE_IDENTIFIER = com.berkspar.telly;
				PRODUCT_NAME = "$(TARGET_NAME)";
				PROVISIONING_PROFILE_SPECIFIER = "";
				SWIFT_EMIT_LOC_STRINGS = YES;
				SWIFT_VERSION = 5.0;
				TARGETED_DEVICE_FAMILY = "1,2";
			};
			name = Release;
		};
/* End XCBuildConfiguration section */

/* Begin XCConfigurationList section */
		F7895E8C2A97C96800E8B286 /* Build configuration list for PBXProject "telly" */ = {
			isa = XCConfigurationList;
			buildConfigurations = (
				F7895E9D2A97C96900E8B286 /* Debug */,
				F7895E9E2A97C96900E8B286 /* Release */,
			);
			defaultConfigurationIsVisible = 0;
			defaultConfigurationName = Release;
		};
		F7895E9F2A97C96900E8B286 /* Build configuration list for PBXNativeTarget "telly" */ = {
			isa = XCConfigurationList;
			buildConfigurations = (
				F7895EA02A97C96900E8B286 /* Debug */,
				F7895EA12A97C96900E8B286 /* Release */,
			);
			defaultConfigurationIsVisible = 0;
			defaultConfigurationName = Release;
		};
/* End XCConfigurationList section */
	};
	rootObject = F7895E892A97C96800E8B286 /* Project object */;
}
